
Microsoft Visual Studio Solution File, Format Version 12.00
# Visual Studio Version 16
VisualStudioVersion = 16.0.30320.27
MinimumVisualStudioVersion = 10.0.40219.1
Project("{FAE04EC0-301F-11D3-BF4B-00C04F79EFBC}") = "QLBHMARepository", "QLBHMARepository\QLBHMARepository.csproj", "{72EB7AAE-C38D-48AD-96F0-AD3344DE9494}"
EndProject
Project("{FAE04EC0-301F-11D3-BF4B-00C04F79EFBC}") = "QLBHMAWebAPI", "QLBHMAWebAPI\QLBHMAWebAPI.csproj", "{38AE9FAE-472F-46A1-915B-A708EC4707BF}"
EndProject
Global
	GlobalSection(SolutionConfigurationPlatforms) = preSolution
		Debug|Any CPU = Debug|Any CPU
		Release|Any CPU = Release|Any CPU
	EndGlobalSection
	GlobalSection(ProjectConfigurationPlatforms) = postSolution
		{72EB7AAE-C38D-48AD-96F0-AD3344DE9494}.Debug|Any CPU.ActiveCfg = Debug|Any CPU
		{72EB7AAE-C38D-48AD-96F0-AD3344DE9494}.Debug|Any CPU.Build.0 = Debug|Any CPU
		{72EB7AAE-C38D-48AD-96F0-AD3344DE9494}.Release|Any CPU.ActiveCfg = Release|Any CPU
		{72EB7AAE-C38D-48AD-96F0-AD3344DE9494}.Release|Any CPU.Build.0 = Release|Any CPU
		{38AE9FAE-472F-46A1-915B-A708EC4707BF}.Debug|Any CPU.ActiveCfg = Debug|Any CPU
		{38AE9FAE-472F-46A1-915B-A708EC4707BF}.Debug|Any CPU.Build.0 = Debug|Any CPU
		{38AE9FAE-472F-46A1-915B-A708EC4707BF}.Release|Any CPU.ActiveCfg = Release|Any CPU
		{38AE9FAE-472F-46A1-915B-A708EC4707BF}.Release|Any CPU.Build.0 = Release|Any CPU
	EndGlobalSection
	GlobalSection(SolutionProperties) = preSolution
		HideSolutionNode = FALSE
	EndGlobalSection
	GlobalSection(ExtensibilityGlobals) = postSolution
		SolutionGuid = {E0D74807-F370-40FC-AA83-9E745DDD21D2}
	EndGlobalSection
EndGlobal
